
Microsoft Visual Studio Solution File, Format Version 12.00
Project("{FAE04EC0-301F-11D3-BF4B-00C04F79EFBC}") = "InsellerateApi", "InsellerateApi\InsellerateApi.csproj", "{A18B1819-9AEF-49F2-8CD2-2F2BA199A700}"
EndProject
Global
	GlobalSection(SolutionConfigurationPlatforms) = preSolution
		Debug|Any CPU = Debug|Any CPU
		Release|Any CPU = Release|Any CPU
	EndGlobalSection
	GlobalSection(ProjectConfigurationPlatforms) = postSolution
		{A18B1819-9AEF-49F2-8CD2-2F2BA199A700}.Debug|Any CPU.ActiveCfg = Debug|Any CPU
		{A18B1819-9AEF-49F2-8CD2-2F2BA199A700}.Debug|Any CPU.Build.0 = Debug|Any CPU
		{A18B1819-9AEF-49F2-8CD2-2F2BA199A700}.Release|Any CPU.ActiveCfg = Release|Any CPU
		{A18B1819-9AEF-49F2-8CD2-2F2BA199A700}.Release|Any CPU.Build.0 = Release|Any CPU
	EndGlobalSection
EndGlobal
